Microsoft Visual Studio Solution File, Format Version 12.00
# Visual Studio Version 17
VisualStudioVersion = 17.5.2.0
MinimumVisualStudioVersion = 10.0.40219.1
Project("{FAE04EC0-301F-11D3-BF4B-00C04F79EFBC}") = "Etch.OrchardCore.Blocks", "Etch.OrchardCore.Blocks.csproj", "{3FA38799-DA1C-2885-F0E7-0F5E88058BCD}"
EndProject
Global
	GlobalSection(SolutionConfigurationPlatforms) = preSolution
		Debug|Any CPU = Debug|Any CPU
		Release|Any CPU = Release|Any CPU
	EndGlobalSection
	GlobalSection(ProjectConfigurationPlatforms) = postSolution
		{3FA38799-DA1C-2885-F0E7-0F5E88058BCD}.Debug|Any CPU.ActiveCfg = Debug|Any CPU
		{3FA38799-DA1C-2885-F0E7-0F5E88058BCD}.Debug|Any CPU.Build.0 = Debug|Any CPU
		{3FA38799-DA1C-2885-F0E7-0F5E88058BCD}.Release|Any CPU.ActiveCfg = Release|Any CPU
		{3FA38799-DA1C-2885-F0E7-0F5E88058BCD}.Release|Any CPU.Build.0 = Release|Any CPU
	EndGlobalSection
	GlobalSection(SolutionProperties) = preSolution
		HideSolutionNode = FALSE
	EndGlobalSection
	GlobalSection(ExtensibilityGlobals) = postSolution
		SolutionGuid = {8E8E6B7C-8C9F-4A32-9558-6FE40D9454E9}
	EndGlobalSection
EndGlobal
